// !$*UTF8*$!
{
	archiveVersion = 1;
	classes = {
	};
	objectVersion = 56;
	objects = {

/* Begin PBXBuildFile section */
		A1000001 /* SottoDictationApp.swift in Sources */ = {isa = PBXBuildFile; fileRef = B1000001 /* SottoDictationApp.swift */; };
		A1000002 /* Transcription.swift in Sources */ = {isa = PBXBuildFile; fileRef = B1000002 /* Transcription.swift */; };
		A1000003 /* ServerConfig.swift in Sources */ = {isa = PBXBuildFile; fileRef = B1000003 /* ServerConfig.swift */; };
		A1000004 /* AudioRecorder.swift in Sources */ = {isa = PBXBuildFile; fileRef = B1000004 /* AudioRecorder.swift */; };
		A1000005 /* TranscriptionStore.swift in Sources */ = {isa = PBXBuildFile; fileRef = B1000005 /* TranscriptionStore.swift */; };
		A1000006 /* TranscriptionService.swift in Sources */ = {isa = PBXBuildFile; fileRef = B1000006 /* TranscriptionService.swift */; };
		A1000007 /* HotkeyManager.swift in Sources */ = {isa = PBXBuildFile; fileRef = B1000007 /* HotkeyManager.swift */; };
		A1000008 /* PasteService.swift in Sources */ = {isa = PBXBuildFile; fileRef = B1000008 /* PasteService.swift */; };
		A1000009 /* TranscriptionListView.swift in Sources */ = {isa = PBXBuildFile; fileRef = B1000009 /* TranscriptionListView.swift */; };
		A100000A /* TranscriptionRow.swift in Sources */ = {isa = PBXBuildFile; fileRef = B100000A /* TranscriptionRow.swift */; };
		A100000B /* SettingsView.swift in Sources */ = {isa = PBXBuildFile; fileRef = B100000B /* SettingsView.swift */; };
		A100000C /* RecordingIndicator.swift in Sources */ = {isa = PBXBuildFile; fileRef = B100000C /* RecordingIndicator.swift */; };
		A100000D /* Assets.xcassets in Resources */ = {isa = PBXBuildFile; fileRef = B100000D /* Assets.xcassets */; };
/* End PBXBuildFile section */

/* Begin PBXFileReference section */
		B1000001 /* SottoDictationApp.swift */ = {isa = PBXFileReference; lastKnownFileType = sourcecode.swift; path = SottoDictationApp.swift; sourceTree = "<group>"; };
		B1000002 /* Transcription.swift */ = {isa = PBXFileReference; lastKnownFileType = sourcecode.swift; path = Transcription.swift; sourceTree = "<group>"; };
		B1000003 /* ServerConfig.swift */ = {isa = PBXFileReference; lastKnownFileType = sourcecode.swift; path = ServerConfig.swift; sourceTree = "<group>"; };
		B1000004 /* AudioRecorder.swift */ = {isa = PBXFileReference; lastKnownFileType = sourcecode.swift; path = AudioRecorder.swift; sourceTree = "<group>"; };
		B1000005 /* TranscriptionStore.swift */ = {isa = PBXFileReference; lastKnownFileType = sourcecode.swift; path = TranscriptionStore.swift; sourceTree = "<group>"; };
		B1000006 /* TranscriptionService.swift */ = {isa = PBXFileReference; lastKnownFileType = sourcecode.swift; path = TranscriptionService.swift; sourceTree = "<group>"; };
		B1000007 /* HotkeyManager.swift */ = {isa = PBXFileReference; lastKnownFileType = sourcecode.swift; path = HotkeyManager.swift; sourceTree = "<group>"; };
		B1000008 /* PasteService.swift */ = {isa = PBXFileReference; lastKnownFileType = sourcecode.swift; path = PasteService.swift; sourceTree = "<group>"; };
		B1000009 /* TranscriptionListView.swift */ = {isa = PBXFileReference; lastKnownFileType = sourcecode.swift; path = TranscriptionListView.swift; sourceTree = "<group>"; };
		B100000A /* TranscriptionRow.swift */ = {isa = PBXFileReference; lastKnownFileType = sourcecode.swift; path = TranscriptionRow.swift; sourceTree = "<group>"; };
		B100000B /* SettingsView.swift */ = {isa = PBXFileReference; lastKnownFileType = sourcecode.swift; path = SettingsView.swift; sourceTree = "<group>"; };
		B100000C /* RecordingIndicator.swift */ = {isa = PBXFileReference; lastKnownFileType = sourcecode.swift; path = RecordingIndicator.swift; sourceTree = "<group>"; };
		B100000D /* Assets.xcassets */ = {isa = PBXFileReference; lastKnownFileType = folder.assetcatalog; path = Assets.xcassets; sourceTree = "<group>"; };
		B100000E /* Info.plist */ = {isa = PBXFileReference; lastKnownFileType = text.plist.xml; path = Info.plist; sourceTree = "<group>"; };
		B100000F /* SottoDictation.entitlements */ = {isa = PBXFileReference; lastKnownFileType = text.plist.entitlements; path = SottoDictation.entitlements; sourceTree = "<group>"; };
		C1000001 /* SottoDictation.app */ = {isa = PBXFileReference; explicitFileType = wrapper.application; includeInIndex = 0; path = SottoDictation.app; sourceTree = BUILT_PRODUCTS_DIR; };
/* End PBXFileReference section */

/* Begin PBXFrameworksBuildPhase section */
		D1000001 /* Frameworks */ = {
			isa = PBXFrameworksBuildPhase;
			buildActionMask = 2147483647;
			files = (
			);
			runOnlyForDeploymentPostprocessing = 0;
		};
/* End PBXFrameworksBuildPhase section */

/* Begin PBXGroup section */
		E1000001 = {
			isa = PBXGroup;
			children = (
				E1000002 /* SottoDictation */,
				E1000006 /* Products */,
			);
			sourceTree = "<group>";
		};
		E1000002 /* SottoDictation */ = {
			isa = PBXGroup;
			children = (
				B1000001 /* SottoDictationApp.swift */,
				B100000E /* Info.plist */,
				B100000F /* SottoDictation.entitlements */,
				B100000D /* Assets.xcassets */,
				E1000003 /* Models */,
				E1000004 /* Services */,
				E1000005 /* Views */,
			);
			path = SottoDictation;
			sourceTree = "<group>";
		};
		E1000003 /* Models */ = {
			isa = PBXGroup;
			children = (
				B1000002 /* Transcription.swift */,
				B1000003 /* ServerConfig.swift */,
			);
			path = Models;
			sourceTree = "<group>";
		};
		E1000004 /* Services */ = {
			isa = PBXGroup;
			children = (
				B1000004 /* AudioRecorder.swift */,
				B1000005 /* TranscriptionStore.swift */,
				B1000006 /* TranscriptionService.swift */,
				B1000007 /* HotkeyManager.swift */,
				B1000008 /* PasteService.swift */,
			);
			path = Services;
			sourceTree = "<group>";
		};
		E1000005 /* Views */ = {
			isa = PBXGroup;
			children = (
				B1000009 /* TranscriptionListView.swift */,
				B100000A /* TranscriptionRow.swift */,
				B100000B /* SettingsView.swift */,
				B100000C /* RecordingIndicator.swift */,
			);
			path = Views;
			sourceTree = "<group>";
		};
		E1000006 /* Products */ = {
			isa = PBXGroup;
			children = (
				C1000001 /* SottoDictation.app */,
			);
			name = Products;
			sourceTree = "<group>";
		};
/* End PBXGroup section */

/* Begin PBXNativeTarget section */
		F1000001 /* SottoDictation */ = {
			isa = PBXNativeTarget;
			buildConfigurationList = F1000004 /* Build configuration list for PBXNativeTarget "SottoDictation" */;
			buildPhases = (
				F1000002 /* Sources */,
				D1000001 /* Frameworks */,
				F1000003 /* Resources */,
			);
			buildRules = (
			);
			dependencies = (
			);
			name = SottoDictation;
			productName = SottoDictation;
			productReference = C1000001 /* SottoDictation.app */;
			productType = "com.apple.product-type.application";
		};
/* End PBXNativeTarget section */

/* Begin PBXProject section */
		F1000005 /* Project object */ = {
			isa = PBXProject;
			attributes = {
				BuildIndependentTargetsInParallel = 1;
				LastSwiftUpdateCheck = 1540;
				LastUpgradeCheck = 1540;
				TargetAttributes = {
					F1000001 = {
						CreatedOnToolsVersion = 15.4;
					};
				};
			};
			buildConfigurationList = F1000006 /* Build configuration list for PBXProject "SottoDictation" */;
			compatibilityVersion = "Xcode 14.0";
			developmentRegion = en;
			hasScannedForEncodings = 0;
			knownRegions = (
				en,
				Base,
			);
			mainGroup = E1000001;
			productRefGroup = E1000006 /* Products */;
			projectDirPath = "";
			projectRoot = "";
			targets = (
				F1000001 /* SottoDictation */,
			);
		};
/* End PBXProject section */

/* Begin PBXResourcesBuildPhase section */
		F1000003 /* Resources */ = {
			isa = PBXResourcesBuildPhase;
			buildActionMask = 2147483647;
			files = (
				A100000D /* Assets.xcassets in Resources */,
			);
			runOnlyForDeploymentPostprocessing = 0;
		};
/* End PBXResourcesBuildPhase section */

/* Begin PBXSourcesBuildPhase section */
		F1000002 /* Sources */ = {
			isa = PBXSourcesBuildPhase;
			buildActionMask = 2147483647;
			files = (
				A1000001 /* SottoDictationApp.swift in Sources */,
				A1000002 /* Transcription.swift in Sources */,
				A1000003 /* ServerConfig.swift in Sources */,
				A1000004 /* AudioRecorder.swift in Sources */,
				A1000005 /* TranscriptionStore.swift in Sources */,
				A1000006 /* TranscriptionService.swift in Sources */,
				A1000007 /* HotkeyManager.swift in Sources */,
				A1000008 /* PasteService.swift in Sources */,
				A1000009 /* TranscriptionListView.swift in Sources */,
				A100000A /* TranscriptionRow.swift in Sources */,
				A100000B /* SettingsView.swift in Sources */,
				A100000C /* RecordingIndicator.swift in Sources */,
			);
			runOnlyForDeploymentPostprocessing = 0;
		};
/* End PBXSourcesBuildPhase section */

/* Begin XCBuildConfiguration section */
		G1000001 /* Debug */ = {
			isa = XCBuildConfiguration;
			buildSettings = {
				ALWAYS_SEARCH_USER_PATHS = NO;
				ASSETCATALOG_COMPILER_GENERATE_SWIFT_ASSET_SYMBOL_EXTENSIONS = YES;
				CLANG_ANALYZER_NONNULL = YES;
				CLANG_CXX_LANGUAGE_STANDARD = "gnu++20";
				CLANG_ENABLE_MODULES = YES;
				CLANG_ENABLE_OBJC_ARC = YES;
				COPY_PHASE_STRIP = NO;
				DEBUG_INFORMATION_FORMAT = dwarf;
				ENABLE_STRICT_OBJC_MSGSEND = YES;
				ENABLE_TESTABILITY = YES;
				GCC_DYNAMIC_NO_PIC = NO;
				GCC_OPTIMIZATION_LEVEL = 0;
				GCC_PREPROCESSOR_DEFINITIONS = (
					"DEBUG=1",
					"$(inherited)",
				);
				GCC_WARN_64_TO_32_BIT_CONVERSION = YES;
				GCC_WARN_ABOUT_RETURN_TYPE = YES_ERROR;
				GCC_WARN_UNDECLARED_SELECTOR = YES;
				GCC_WARN_UNINITIALIZED_AUTOS = YES_AGGRESSIVE;
				GCC_WARN_UNUSED_FUNCTION = YES;
				GCC_WARN_UNUSED_VARIABLE = YES;
				MACOSX_DEPLOYMENT_TARGET = 14.0;
				MTL_ENABLE_DEBUG_INFO = INCLUDE_SOURCE;
				MTL_FAST_MATH = YES;
				ONLY_ACTIVE_ARCH = YES;
				SDKROOT = macosx;
				SWIFT_ACTIVE_COMPILATION_CONDITIONS = "$(inherited) DEBUG";
				SWIFT_OPTIMIZATION_LEVEL = "-Onone";
			};
			name = Debug;
		};
		G1000002 /* Release */ = {
			isa = XCBuildConfiguration;
			buildSettings = {
				ALWAYS_SEARCH_USER_PATHS = NO;
				ASSETCATALOG_COMPILER_GENERATE_SWIFT_ASSET_SYMBOL_EXTENSIONS = YES;
				CLANG_ANALYZER_NONNULL = YES;
				CLANG_CXX_LANGUAGE_STANDARD = "gnu++20";
				CLANG_ENABLE_MODULES = YES;
				CLANG_ENABLE_OBJC_ARC = YES;
				COPY_PHASE_STRIP = NO;
				DEBUG_INFORMATION_FORMAT = "dwarf-with-dsym";
				ENABLE_NS_ASSERTIONS = NO;
				ENABLE_STRICT_OBJC_MSGSEND = YES;
				GCC_WARN_64_TO_32_BIT_CONVERSION = YES;
				GCC_WARN_ABOUT_RETURN_TYPE = YES_ERROR;
				GCC_WARN_UNDECLARED_SELECTOR = YES;
				GCC_WARN_UNINITIALIZED_AUTOS = YES_AGGRESSIVE;
				GCC_WARN_UNUSED_FUNCTION = YES;
				GCC_WARN_UNUSED_VARIABLE = YES;
				MACOSX_DEPLOYMENT_TARGET = 14.0;
				MTL_FAST_MATH = YES;
				SDKROOT = macosx;
				SWIFT_COMPILATION_MODE = wholemodule;
			};
			name = Release;
		};
		G1000003 /* Debug */ = {
			isa = XCBuildConfiguration;
			buildSettings = {
				ASSETCATALOG_COMPILER_APPICON_NAME = AppIcon;
				CODE_SIGN_ENTITLEMENTS = SottoDictation/SottoDictation.entitlements;
				CODE_SIGN_STYLE = Automatic;
				COMBINE_HIDPI_IMAGES = YES;
				CURRENT_PROJECT_VERSION = 1;
				DEVELOPMENT_TEAM = "";
				ENABLE_HARDENED_RUNTIME = YES;
				GENERATE_INFOPLIST_FILE = YES;
				INFOPLIST_FILE = SottoDictation/Info.plist;
				INFOPLIST_KEY_LSApplicationCategoryType = "public.app-category.productivity";
				INFOPLIST_KEY_NSMicrophoneUsageDescription = "Sotto Dictation needs microphone access to record your voice for transcription.";
				LD_RUNPATH_SEARCH_PATHS = (
					"$(inherited)",
					"@executable_path/../Frameworks",
				);
				MARKETING_VERSION = 1.0;
				PRODUCT_BUNDLE_IDENTIFIER = com.sotto.dictation;
				PRODUCT_NAME = "$(TARGET_NAME)";
				SWIFT_EMIT_LOC_STRINGS = YES;
				SWIFT_VERSION = 5.0;
			};
			name = Debug;
		};
		G1000004 /* Release */ = {
			isa = XCBuildConfiguration;
			buildSettings = {
				ASSETCATALOG_COMPILER_APPICON_NAME = AppIcon;
				CODE_SIGN_ENTITLEMENTS = SottoDictation/SottoDictation.entitlements;
				CODE_SIGN_STYLE = Automatic;
				COMBINE_HIDPI_IMAGES = YES;
				CURRENT_PROJECT_VERSION = 1;
				DEVELOPMENT_TEAM = "";
				ENABLE_HARDENED_RUNTIME = YES;
				GENERATE_INFOPLIST_FILE = YES;
				INFOPLIST_FILE = SottoDictation/Info.plist;
				INFOPLIST_KEY_LSApplicationCategoryType = "public.app-category.productivity";
				INFOPLIST_KEY_NSMicrophoneUsageDescription = "Sotto Dictation needs microphone access to record your voice for transcription.";
				LD_RUNPATH_SEARCH_PATHS = (
					"$(inherited)",
					"@executable_path/../Frameworks",
				);
				MARKETING_VERSION = 1.0;
				PRODUCT_BUNDLE_IDENTIFIER = com.sotto.dictation;
				PRODUCT_NAME = "$(TARGET_NAME)";
				SWIFT_EMIT_LOC_STRINGS = YES;
				SWIFT_VERSION = 5.0;
			};
			name = Release;
		};
/* End XCBuildConfiguration section */

/* Begin XCConfigurationList section */
		F1000006 /* Build configuration list for PBXProject "SottoDictation" */ = {
			isa = XCConfigurationList;
			buildConfigurations = (
				G1000001 /* Debug */,
				G1000002 /* Release */,
			);
			defaultConfigurationIsVisible = 0;
			defaultConfigurationName = Release;
		};
		F1000004 /* Build configuration list for PBXNativeTarget "SottoDictation" */ = {
			isa = XCConfigurationList;
			buildConfigurations = (
				G1000003 /* Debug */,
				G1000004 /* Release */,
			);
			defaultConfigurationIsVisible = 0;
			defaultConfigurationName = Release;
		};
/* End XCConfigurationList section */

	};
	rootObject = F1000005 /* Project object */;
}
