// !$*UTF8*$!
{
	archiveVersion = 1;
	classes = {
	};
	objectVersion = 77;
	objects = {

/* Begin PBXBuildFile section */
		0012ADC62F5462C8009D79B6 /* Recording.swift in Sources */ = {isa = PBXBuildFile; fileRef = 0012ADC42F5462C8009D79B6 /* Recording.swift */; };
		0012ADC72F5462C8009D79B6 /* Destination.swift in Sources */ = {isa = PBXBuildFile; fileRef = 0012ADC32F5462C8009D79B6 /* Destination.swift */; };
		0012ADCC2F5462D1009D79B6 /* AudioRecorder.swift in Sources */ = {isa = PBXBuildFile; fileRef = 0012ADC82F5462D1009D79B6 /* AudioRecorder.swift */; };
		0012ADCD2F5462D1009D79B6 /* RecordingStore.swift in Sources */ = {isa = PBXBuildFile; fileRef = 0012ADC92F5462D1009D79B6 /* RecordingStore.swift */; };
		0012ADCE2F5462D1009D79B6 /* UploadManager.swift in Sources */ = {isa = PBXBuildFile; fileRef = 0012ADCA2F5462D1009D79B6 /* UploadManager.swift */; };
		0012ADD32F5462E0009D79B6 /* RecordingListView.swift in Sources */ = {isa = PBXBuildFile; fileRef = 0012ADCF2F5462E0009D79B6 /* RecordingListView.swift */; };
		0012ADD42F5462E0009D79B6 /* WaveformView.swift in Sources */ = {isa = PBXBuildFile; fileRef = 0012ADD12F5462E0009D79B6 /* WaveformView.swift */; };
		0012ADD52F5462E0009D79B6 /* RecordingRow.swift in Sources */ = {isa = PBXBuildFile; fileRef = 0012ADD02F5462E0009D79B6 /* RecordingRow.swift */; };
		0012ADD72F54631F009D79B6 /* SottoApp.swift in Sources */ = {isa = PBXBuildFile; fileRef = 0012ADD62F54631F009D79B6 /* SottoApp.swift */; };
/* End PBXBuildFile section */

/* Begin PBXContainerItemProxy section */
		0012ADA72F5461EC009D79B6 /* PBXContainerItemProxy */ = {
			isa = PBXContainerItemProxy;
			containerPortal = 0012AD8F2F5461EB009D79B6 /* Project object */;
			proxyType = 1;
			remoteGlobalIDString = 0012AD962F5461EB009D79B6;
			remoteInfo = Sotto;
		};
		0012ADB12F5461EC009D79B6 /* PBXContainerItemProxy */ = {
			isa = PBXContainerItemProxy;
			containerPortal = 0012AD8F2F5461EB009D79B6 /* Project object */;
			proxyType = 1;
			remoteGlobalIDString = 0012AD962F5461EB009D79B6;
			remoteInfo = Sotto;
		};
/* End PBXContainerItemProxy section */

/* Begin PBXFileReference section */
		0012AD972F5461EB009D79B6 /* Sotto.app */ = {isa = PBXFileReference; explicitFileType = wrapper.application; includeInIndex = 0; path = Sotto.app; sourceTree = BUILT_PRODUCTS_DIR; };
		0012ADA62F5461EC009D79B6 /* SottoTests.xctest */ = {isa = PBXFileReference; explicitFileType = wrapper.cfbundle; includeInIndex = 0; path = SottoTests.xctest; sourceTree = BUILT_PRODUCTS_DIR; };
		0012ADB02F5461EC009D79B6 /* SottoUITests.xctest */ = {isa = PBXFileReference; explicitFileType = wrapper.cfbundle; includeInIndex = 0; path = SottoUITests.xctest; sourceTree = BUILT_PRODUCTS_DIR; };
		0012ADC32F5462C8009D79B6 /* Destination.swift */ = {isa = PBXFileReference; lastKnownFileType = sourcecode.swift; path = Destination.swift; sourceTree = "<group>"; };
		0012ADC42F5462C8009D79B6 /* Recording.swift */ = {isa = PBXFileReference; lastKnownFileType = sourcecode.swift; path = Recording.swift; sourceTree = "<group>"; };
		0012ADC82F5462D1009D79B6 /* AudioRecorder.swift */ = {isa = PBXFileReference; lastKnownFileType = sourcecode.swift; path = AudioRecorder.swift; sourceTree = "<group>"; };
		0012ADC92F5462D1009D79B6 /* RecordingStore.swift */ = {isa = PBXFileReference; lastKnownFileType = sourcecode.swift; path = RecordingStore.swift; sourceTree = "<group>"; };
		0012ADCA2F5462D1009D79B6 /* UploadManager.swift */ = {isa = PBXFileReference; lastKnownFileType = sourcecode.swift; path = UploadManager.swift; sourceTree = "<group>"; };
		0012ADCF2F5462E0009D79B6 /* RecordingListView.swift */ = {isa = PBXFileReference; lastKnownFileType = sourcecode.swift; path = RecordingListView.swift; sourceTree = "<group>"; };
		0012ADD02F5462E0009D79B6 /* RecordingRow.swift */ = {isa = PBXFileReference; lastKnownFileType = sourcecode.swift; path = RecordingRow.swift; sourceTree = "<group>"; };
		0012ADD12F5462E0009D79B6 /* WaveformView.swift */ = {isa = PBXFileReference; lastKnownFileType = sourcecode.swift; path = WaveformView.swift; sourceTree = "<group>"; };
		0012ADD62F54631F009D79B6 /* SottoApp.swift */ = {isa = PBXFileReference; lastKnownFileType = sourcecode.swift; path = SottoApp.swift; sourceTree = "<group>"; };
/* End PBXFileReference section */

/* Begin PBXFileSystemSynchronizedRootGroup section */
		0012AD992F5461EB009D79B6 /* Sotto */ = {
			isa = PBXFileSystemSynchronizedRootGroup;
			path = Sotto;
			sourceTree = "<group>";
		};
		0012ADA92F5461EC009D79B6 /* SottoTests */ = {
			isa = PBXFileSystemSynchronizedRootGroup;
			path = SottoTests;
			sourceTree = "<group>";
		};
		0012ADB32F5461EC009D79B6 /* SottoUITests */ = {
			isa = PBXFileSystemSynchronizedRootGroup;
			path = SottoUITests;
			sourceTree = "<group>";
		};
/* End PBXFileSystemSynchronizedRootGroup section */

/* Begin PBXFrameworksBuildPhase section */
		0012AD942F5461EB009D79B6 /* Frameworks */ = {
			isa = PBXFrameworksBuildPhase;
			buildActionMask = 2147483647;
			files = (
			);
			runOnlyForDeploymentPostprocessing = 0;
		};
		0012ADA32F5461EC009D79B6 /* Frameworks */ = {
			isa = PBXFrameworksBuildPhase;
			buildActionMask = 2147483647;
			files = (
			);
			runOnlyForDeploymentPostprocessing = 0;
		};
		0012ADAD2F5461EC009D79B6 /* Frameworks */ = {
			isa = PBXFrameworksBuildPhase;
			buildActionMask = 2147483647;
			files = (
			);
			runOnlyForDeploymentPostprocessing = 0;
		};
/* End PBXFrameworksBuildPhase section */

/* Begin PBXGroup section */
		0012AD8E2F5461EB009D79B6 = {
			isa = PBXGroup;
			children = (
				0012ADD62F54631F009D79B6 /* SottoApp.swift */,
				0012ADD22F5462E0009D79B6 /* Views */,
				0012ADCB2F5462D1009D79B6 /* Services */,
				0012ADC52F5462C8009D79B6 /* Models */,
				0012AD992F5461EB009D79B6 /* Sotto */,
				0012ADA92F5461EC009D79B6 /* SottoTests */,
				0012ADB32F5461EC009D79B6 /* SottoUITests */,
				0012AD982F5461EB009D79B6 /* Products */,
			);
			sourceTree = "<group>";
		};
		0012AD982F5461EB009D79B6 /* Products */ = {
			isa = PBXGroup;
			children = (
				0012AD972F5461EB009D79B6 /* Sotto.app */,
				0012ADA62F5461EC009D79B6 /* SottoTests.xctest */,
				0012ADB02F5461EC009D79B6 /* SottoUITests.xctest */,
			);
			name = Products;
			sourceTree = "<group>";
		};
		0012ADC52F5462C8009D79B6 /* Models */ = {
			isa = PBXGroup;
			children = (
				0012ADC32F5462C8009D79B6 /* Destination.swift */,
				0012ADC42F5462C8009D79B6 /* Recording.swift */,
			);
			path = Models;
			sourceTree = "<group>";
		};
		0012ADCB2F5462D1009D79B6 /* Services */ = {
			isa = PBXGroup;
			children = (
				0012ADC82F5462D1009D79B6 /* AudioRecorder.swift */,
				0012ADC92F5462D1009D79B6 /* RecordingStore.swift */,
				0012ADCA2F5462D1009D79B6 /* UploadManager.swift */,
			);
			path = Services;
			sourceTree = "<group>";
		};
		0012ADD22F5462E0009D79B6 /* Views */ = {
			isa = PBXGroup;
			children = (
				0012ADCF2F5462E0009D79B6 /* RecordingListView.swift */,
				0012ADD02F5462E0009D79B6 /* RecordingRow.swift */,
				0012ADD12F5462E0009D79B6 /* WaveformView.swift */,
			);
			path = Views;
			sourceTree = "<group>";
		};
/* End PBXGroup section */

/* Begin PBXNativeTarget section */
		0012AD962F5461EB009D79B6 /* Sotto */ = {
			isa = PBXNativeTarget;
			buildConfigurationList = 0012ADBA2F5461EC009D79B6 /* Build configuration list for PBXNativeTarget "Sotto" */;
			buildPhases = (
				0012AD932F5461EB009D79B6 /* Sources */,
				0012AD942F5461EB009D79B6 /* Frameworks */,
				0012AD952F5461EB009D79B6 /* Resources */,
			);
			buildRules = (
			);
			dependencies = (
			);
			fileSystemSynchronizedGroups = (
				0012AD992F5461EB009D79B6 /* Sotto */,
			);
			name = Sotto;
			packageProductDependencies = (
			);
			productName = Sotto;
			productReference = 0012AD972F5461EB009D79B6 /* Sotto.app */;
			productType = "com.apple.product-type.application";
		};
		0012ADA52F5461EC009D79B6 /* SottoTests */ = {
			isa = PBXNativeTarget;
			buildConfigurationList = 0012ADBD2F5461EC009D79B6 /* Build configuration list for PBXNativeTarget "SottoTests" */;
			buildPhases = (
				0012ADA22F5461EC009D79B6 /* Sources */,
				0012ADA32F5461EC009D79B6 /* Frameworks */,
				0012ADA42F5461EC009D79B6 /* Resources */,
			);
			buildRules = (
			);
			dependencies = (
				0012ADA82F5461EC009D79B6 /* PBXTargetDependency */,
			);
			fileSystemSynchronizedGroups = (
				0012ADA92F5461EC009D79B6 /* SottoTests */,
			);
			name = SottoTests;
			packageProductDependencies = (
			);
			productName = SottoTests;
			productReference = 0012ADA62F5461EC009D79B6 /* SottoTests.xctest */;
			productType = "com.apple.product-type.bundle.unit-test";
		};
		0012ADAF2F5461EC009D79B6 /* SottoUITests */ = {
			isa = PBXNativeTarget;
			buildConfigurationList = 0012ADC02F5461EC009D79B6 /* Build configuration list for PBXNativeTarget "SottoUITests" */;
			buildPhases = (
				0012ADAC2F5461EC009D79B6 /* Sources */,
				0012ADAD2F5461EC009D79B6 /* Frameworks */,
				0012ADAE2F5461EC009D79B6 /* Resources */,
			);
			buildRules = (
			);
			dependencies = (
				0012ADB22F5461EC009D79B6 /* PBXTargetDependency */,
			);
			fileSystemSynchronizedGroups = (
				0012ADB32F5461EC009D79B6 /* SottoUITests */,
			);
			name = SottoUITests;
			packageProductDependencies = (
			);
			productName = SottoUITests;
			productReference = 0012ADB02F5461EC009D79B6 /* SottoUITests.xctest */;
			productType = "com.apple.product-type.bundle.ui-testing";
		};
/* End PBXNativeTarget section */

/* Begin PBXProject section */
		0012AD8F2F5461EB009D79B6 /* Project object */ = {
			isa = PBXProject;
			attributes = {
				BuildIndependentTargetsInParallel = 1;
				LastSwiftUpdateCheck = 2620;
				LastUpgradeCheck = 2620;
				TargetAttributes = {
					0012AD962F5461EB009D79B6 = {
						CreatedOnToolsVersion = 26.2;
					};
					0012ADA52F5461EC009D79B6 = {
						CreatedOnToolsVersion = 26.2;
						TestTargetID = 0012AD962F5461EB009D79B6;
					};
					0012ADAF2F5461EC009D79B6 = {
						CreatedOnToolsVersion = 26.2;
						TestTargetID = 0012AD962F5461EB009D79B6;
					};
				};
			};
			buildConfigurationList = 0012AD922F5461EB009D79B6 /* Build configuration list for PBXProject "Sotto" */;
			developmentRegion = en;
			hasScannedForEncodings = 0;
			knownRegions = (
				en,
				Base,
			);
			mainGroup = 0012AD8E2F5461EB009D79B6;
			minimizedProjectReferenceProxies = 1;
			preferredProjectObjectVersion = 77;
			productRefGroup = 0012AD982F5461EB009D79B6 /* Products */;
			projectDirPath = "";
			projectRoot = "";
			targets = (
				0012AD962F5461EB009D79B6 /* Sotto */,
				0012ADA52F5461EC009D79B6 /* SottoTests */,
				0012ADAF2F5461EC009D79B6 /* SottoUITests */,
			);
		};
/* End PBXProject section */

/* Begin PBXResourcesBuildPhase section */
		0012AD952F5461EB009D79B6 /* Resources */ = {
			isa = PBXResourcesBuildPhase;
			buildActionMask = 2147483647;
			files = (
			);
			runOnlyForDeploymentPostprocessing = 0;
		};
		0012ADA42F5461EC009D79B6 /* Resources */ = {
			isa = PBXResourcesBuildPhase;
			buildActionMask = 2147483647;
			files = (
			);
			runOnlyForDeploymentPostprocessing = 0;
		};
		0012ADAE2F5461EC009D79B6 /* Resources */ = {
			isa = PBXResourcesBuildPhase;
			buildActionMask = 2147483647;
			files = (
			);
			runOnlyForDeploymentPostprocessing = 0;
		};
/* End PBXResourcesBuildPhase section */

/* Begin PBXSourcesBuildPhase section */
		0012AD932F5461EB009D79B6 /* Sources */ = {
			isa = PBXSourcesBuildPhase;
			buildActionMask = 2147483647;
			files = (
				0012ADC62F5462C8009D79B6 /* Recording.swift in Sources */,
				0012ADC72F5462C8009D79B6 /* Destination.swift in Sources */,
				0012ADD72F54631F009D79B6 /* SottoApp.swift in Sources */,
				0012ADCC2F5462D1009D79B6 /* AudioRecorder.swift in Sources */,
				0012ADCD2F5462D1009D79B6 /* RecordingStore.swift in Sources */,
				0012ADCE2F5462D1009D79B6 /* UploadManager.swift in Sources */,
				0012ADD32F5462E0009D79B6 /* RecordingListView.swift in Sources */,
				0012ADD42F5462E0009D79B6 /* WaveformView.swift in Sources */,
				0012ADD52F5462E0009D79B6 /* RecordingRow.swift in Sources */,
			);
			runOnlyForDeploymentPostprocessing = 0;
		};
		0012ADA22F5461EC009D79B6 /* Sources */ = {
			isa = PBXSourcesBuildPhase;
			buildActionMask = 2147483647;
			files = (
			);
			runOnlyForDeploymentPostprocessing = 0;
		};
		0012ADAC2F5461EC009D79B6 /* Sources */ = {
			isa = PBXSourcesBuildPhase;
			buildActionMask = 2147483647;
			files = (
			);
			runOnlyForDeploymentPostprocessing = 0;
		};
/* End PBXSourcesBuildPhase section */

/* Begin PBXTargetDependency section */
		0012ADA82F5461EC009D79B6 /* PBXTargetDependency */ = {
			isa = PBXTargetDependency;
			target = 0012AD962F5461EB009D79B6 /* Sotto */;
			targetProxy = 0012ADA72F5461EC009D79B6 /* PBXContainerItemProxy */;
		};
		0012ADB22F5461EC009D79B6 /* PBXTargetDependency */ = {
			isa = PBXTargetDependency;
			target = 0012AD962F5461EB009D79B6 /* Sotto */;
			targetProxy = 0012ADB12F5461EC009D79B6 /* PBXContainerItemProxy */;
		};
/* End PBXTargetDependency section */

/* Begin XCBuildConfiguration section */
		0012ADB82F5461EC009D79B6 /* Debug */ = {
			isa = XCBuildConfiguration;
			buildSettings = {
				ALWAYS_SEARCH_USER_PATHS = NO;
				ASSETCATALOG_COMPILER_GENERATE_SWIFT_ASSET_SYMBOL_EXTENSIONS = YES;
				CLANG_ANALYZER_NONNULL = YES;
				CLANG_ANALYZER_NUMBER_OBJECT_CONVERSION = YES_AGGRESSIVE;
				CLANG_CXX_LANGUAGE_STANDARD = "gnu++20";
				CLANG_ENABLE_MODULES = YES;
				CLANG_ENABLE_OBJC_ARC = YES;
				CLANG_ENABLE_OBJC_WEAK = YES;
				CLANG_WARN_BLOCK_CAPTURE_AUTORELEASING = YES;
				CLANG_WARN_BOOL_CONVERSION = YES;
				CLANG_WARN_COMMA = YES;
				CLANG_WARN_CONSTANT_CONVERSION = YES;
				CLANG_WARN_DEPRECATED_OBJC_IMPLEMENTATIONS = YES;
				CLANG_WARN_DIRECT_OBJC_ISA_USAGE = YES_ERROR;
				CLANG_WARN_DOCUMENTATION_COMMENTS = YES;
				CLANG_WARN_EMPTY_BODY = YES;
				CLANG_WARN_ENUM_CONVERSION = YES;
				CLANG_WARN_INFINITE_RECURSION = YES;
				CLANG_WARN_INT_CONVERSION = YES;
				CLANG_WARN_NON_LITERAL_NULL_CONVERSION = YES;
				CLANG_WARN_OBJC_IMPLICIT_RETAIN_SELF = YES;
				CLANG_WARN_OBJC_LITERAL_CONVERSION = YES;
				CLANG_WARN_OBJC_ROOT_CLASS = YES_ERROR;
				CLANG_WARN_QUOTED_INCLUDE_IN_FRAMEWORK_HEADER = YES;
				CLANG_WARN_RANGE_LOOP_ANALYSIS = YES;
				CLANG_WARN_STRICT_PROTOTYPES = YES;
				CLANG_WARN_SUSPICIOUS_MOVE = YES;
				CLANG_WARN_UNGUARDED_AVAILABILITY = YES_AGGRESSIVE;
				CLANG_WARN_UNREACHABLE_CODE = YES;
				CLANG_WARN__DUPLICATE_METHOD_MATCH = YES;
				COPY_PHASE_STRIP = NO;
				DEBUG_INFORMATION_FORMAT = dwarf;
				DEVELOPMENT_TEAM = K7B93KQHJT;
				ENABLE_STRICT_OBJC_MSGSEND = YES;
				ENABLE_TESTABILITY = YES;
				ENABLE_USER_SCRIPT_SANDBOXING = YES;
				GCC_C_LANGUAGE_STANDARD = gnu17;
				GCC_DYNAMIC_NO_PIC = NO;
				GCC_NO_COMMON_BLOCKS = YES;
				GCC_OPTIMIZATION_LEVEL = 0;
				GCC_PREPROCESSOR_DEFINITIONS = (
					"DEBUG=1",
					"$(inherited)",
				);
				GCC_WARN_64_TO_32_BIT_CONVERSION = YES;
				GCC_WARN_ABOUT_RETURN_TYPE = YES_ERROR;
				GCC_WARN_UNDECLARED_SELECTOR = YES;
				GCC_WARN_UNINITIALIZED_AUTOS = YES_AGGRESSIVE;
				GCC_WARN_UNUSED_FUNCTION = YES;
				GCC_WARN_UNUSED_VARIABLE = YES;
				IPHONEOS_DEPLOYMENT_TARGET = 26.2;
				LOCALIZATION_PREFERS_STRING_CATALOGS = YES;
				MTL_ENABLE_DEBUG_INFO = INCLUDE_SOURCE;
				MTL_FAST_MATH = YES;
				ONLY_ACTIVE_ARCH = YES;
				SDKROOT = iphoneos;
				SWIFT_ACTIVE_COMPILATION_CONDITIONS = "DEBUG $(inherited)";
				SWIFT_OPTIMIZATION_LEVEL = "-Onone";
			};
			name = Debug;
		};
		0012ADB92F5461EC009D79B6 /* Release */ = {
			isa = XCBuildConfiguration;
			buildSettings = {
				ALWAYS_SEARCH_USER_PATHS = NO;
				ASSETCATALOG_COMPILER_GENERATE_SWIFT_ASSET_SYMBOL_EXTENSIONS = YES;
				CLANG_ANALYZER_NONNULL = YES;
				CLANG_ANALYZER_NUMBER_OBJECT_CONVERSION = YES_AGGRESSIVE;
				CLANG_CXX_LANGUAGE_STANDARD = "gnu++20";
				CLANG_ENABLE_MODULES = YES;
				CLANG_ENABLE_OBJC_ARC = YES;
				CLANG_ENABLE_OBJC_WEAK = YES;
				CLANG_WARN_BLOCK_CAPTURE_AUTORELEASING = YES;
				CLANG_WARN_BOOL_CONVERSION = YES;
				CLANG_WARN_COMMA = YES;
				CLANG_WARN_CONSTANT_CONVERSION = YES;
				CLANG_WARN_DEPRECATED_OBJC_IMPLEMENTATIONS = YES;
				CLANG_WARN_DIRECT_OBJC_ISA_USAGE = YES_ERROR;
				CLANG_WARN_DOCUMENTATION_COMMENTS = YES;
				CLANG_WARN_EMPTY_BODY = YES;
				CLANG_WARN_ENUM_CONVERSION = YES;
				CLANG_WARN_INFINITE_RECURSION = YES;
				CLANG_WARN_INT_CONVERSION = YES;
				CLANG_WARN_NON_LITERAL_NULL_CONVERSION = YES;
				CLANG_WARN_OBJC_IMPLICIT_RETAIN_SELF = YES;
				CLANG_WARN_OBJC_LITERAL_CONVERSION = YES;
				CLANG_WARN_OBJC_ROOT_CLASS = YES_ERROR;
				CLANG_WARN_QUOTED_INCLUDE_IN_FRAMEWORK_HEADER = YES;
				CLANG_WARN_RANGE_LOOP_ANALYSIS = YES;
				CLANG_WARN_STRICT_PROTOTYPES = YES;
				CLANG_WARN_SUSPICIOUS_MOVE = YES;
				CLANG_WARN_UNGUARDED_AVAILABILITY = YES_AGGRESSIVE;
				CLANG_WARN_UNREACHABLE_CODE = YES;
				CLANG_WARN__DUPLICATE_METHOD_MATCH = YES;
				COPY_PHASE_STRIP = NO;
				DEBUG_INFORMATION_FORMAT = "dwarf-with-dsym";
				DEVELOPMENT_TEAM = K7B93KQHJT;
				ENABLE_NS_ASSERTIONS = NO;
				ENABLE_STRICT_OBJC_MSGSEND = YES;
				ENABLE_USER_SCRIPT_SANDBOXING = YES;
				GCC_C_LANGUAGE_STANDARD = gnu17;
				GCC_NO_COMMON_BLOCKS = YES;
				GCC_WARN_64_TO_32_BIT_CONVERSION = YES;
				GCC_WARN_ABOUT_RETURN_TYPE = YES_ERROR;
				GCC_WARN_UNDECLARED_SELECTOR = YES;
				GCC_WARN_UNINITIALIZED_AUTOS = YES_AGGRESSIVE;
				GCC_WARN_UNUSED_FUNCTION = YES;
				GCC_WARN_UNUSED_VARIABLE = YES;
				IPHONEOS_DEPLOYMENT_TARGET = 26.2;
				LOCALIZATION_PREFERS_STRING_CATALOGS = YES;
				MTL_ENABLE_DEBUG_INFO = NO;
				MTL_FAST_MATH = YES;
				SDKROOT = iphoneos;
				SWIFT_COMPILATION_MODE = wholemodule;
				VALIDATE_PRODUCT = YES;
			};
			name = Release;
		};
		0012ADBB2F5461EC009D79B6 /* Debug */ = {
			isa = XCBuildConfiguration;
			buildSettings = {
				ASSETCATALOG_COMPILER_APPICON_NAME = AppIcon;
				ASSETCATALOG_COMPILER_GLOBAL_ACCENT_COLOR_NAME = AccentColor;
				CODE_SIGN_STYLE = Automatic;
				CURRENT_PROJECT_VERSION = 1;
				DEVELOPMENT_TEAM = K7B93KQHJT;
				ENABLE_PREVIEWS = YES;
				GENERATE_INFOPLIST_FILE = YES;
				INFOPLIST_KEY_UIApplicationSceneManifest_Generation = YES;
				INFOPLIST_KEY_UIApplicationSupportsIndirectInputEvents = YES;
				INFOPLIST_KEY_UILaunchScreen_Generation = YES;
				INFOPLIST_KEY_UISupportedInterfaceOrientations_iPad = "UIInterfaceOrientationPortrait UIInterfaceOrientationPortraitUpsideDown UIInterfaceOrientationLandscapeLeft UIInterfaceOrientationLandscapeRight";
				INFOPLIST_KEY_UISupportedInterfaceOrientations_iPhone = "UIInterfaceOrientationPortrait UIInterfaceOrientationLandscapeLeft UIInterfaceOrientationLandscapeRight";
				LD_RUNPATH_SEARCH_PATHS = (
					"$(inherited)",
					"@executable_path/Frameworks",
				);
				MARKETING_VERSION = 1.0;
				PRODUCT_BUNDLE_IDENTIFIER = com.reedshea.Sotto;
				PRODUCT_NAME = "$(TARGET_NAME)";
				STRING_CATALOG_GENERATE_SYMBOLS = YES;
				SWIFT_APPROACHABLE_CONCURRENCY = YES;
				SWIFT_DEFAULT_ACTOR_ISOLATION = MainActor;
				SWIFT_EMIT_LOC_STRINGS = YES;
				SWIFT_UPCOMING_FEATURE_MEMBER_IMPORT_VISIBILITY = YES;
				SWIFT_VERSION = 5.0;
				TARGETED_DEVICE_FAMILY = "1,2";
			};
			name = Debug;
		};
		0012ADBC2F5461EC009D79B6 /* Release */ = {
			isa = XCBuildConfiguration;
			buildSettings = {
				ASSETCATALOG_COMPILER_APPICON_NAME = AppIcon;
				ASSETCATALOG_COMPILER_GLOBAL_ACCENT_COLOR_NAME = AccentColor;
				CODE_SIGN_STYLE = Automatic;
				CURRENT_PROJECT_VERSION = 1;
				DEVELOPMENT_TEAM = K7B93KQHJT;
				ENABLE_PREVIEWS = YES;
				GENERATE_INFOPLIST_FILE = YES;
				INFOPLIST_KEY_UIApplicationSceneManifest_Generation = YES;
				INFOPLIST_KEY_UIApplicationSupportsIndirectInputEvents = YES;
				INFOPLIST_KEY_UILaunchScreen_Generation = YES;
				INFOPLIST_KEY_UISupportedInterfaceOrientations_iPad = "UIInterfaceOrientationPortrait UIInterfaceOrientationPortraitUpsideDown UIInterfaceOrientationLandscapeLeft UIInterfaceOrientationLandscapeRight";
				INFOPLIST_KEY_UISupportedInterfaceOrientations_iPhone = "UIInterfaceOrientationPortrait UIInterfaceOrientationLandscapeLeft UIInterfaceOrientationLandscapeRight";
				LD_RUNPATH_SEARCH_PATHS = (
					"$(inherited)",
					"@executable_path/Frameworks",
				);
				MARKETING_VERSION = 1.0;
				PRODUCT_BUNDLE_IDENTIFIER = com.reedshea.Sotto;
				PRODUCT_NAME = "$(TARGET_NAME)";
				STRING_CATALOG_GENERATE_SYMBOLS = YES;
				SWIFT_APPROACHABLE_CONCURRENCY = YES;
				SWIFT_DEFAULT_ACTOR_ISOLATION = MainActor;
				SWIFT_EMIT_LOC_STRINGS = YES;
				SWIFT_UPCOMING_FEATURE_MEMBER_IMPORT_VISIBILITY = YES;
				SWIFT_VERSION = 5.0;
				TARGETED_DEVICE_FAMILY = "1,2";
			};
			name = Release;
		};
		0012ADBE2F5461EC009D79B6 /* Debug */ = {
			isa = XCBuildConfiguration;
			buildSettings = {
				BUNDLE_LOADER = "$(TEST_HOST)";
				CODE_SIGN_STYLE = Automatic;
				CURRENT_PROJECT_VERSION = 1;
				DEVELOPMENT_TEAM = K7B93KQHJT;
				GENERATE_INFOPLIST_FILE = YES;
				IPHONEOS_DEPLOYMENT_TARGET = 26.2;
				MARKETING_VERSION = 1.0;
				PRODUCT_BUNDLE_IDENTIFIER = com.reedshea.SottoTests;
				PRODUCT_NAME = "$(TARGET_NAME)";
				STRING_CATALOG_GENERATE_SYMBOLS = NO;
				SWIFT_APPROACHABLE_CONCURRENCY = YES;
				SWIFT_EMIT_LOC_STRINGS = NO;
				SWIFT_UPCOMING_FEATURE_MEMBER_IMPORT_VISIBILITY = YES;
				SWIFT_VERSION = 5.0;
				TARGETED_DEVICE_FAMILY = "1,2";
				TEST_HOST = "$(BUILT_PRODUCTS_DIR)/Sotto.app/$(BUNDLE_EXECUTABLE_FOLDER_PATH)/Sotto";
			};
			name = Debug;
		};
		0012ADBF2F5461EC009D79B6 /* Release */ = {
			isa = XCBuildConfiguration;
			buildSettings = {
				BUNDLE_LOADER = "$(TEST_HOST)";
				CODE_SIGN_STYLE = Automatic;
				CURRENT_PROJECT_VERSION = 1;
				DEVELOPMENT_TEAM = K7B93KQHJT;
				GENERATE_INFOPLIST_FILE = YES;
				IPHONEOS_DEPLOYMENT_TARGET = 26.2;
				MARKETING_VERSION = 1.0;
				PRODUCT_BUNDLE_IDENTIFIER = com.reedshea.SottoTests;
				PRODUCT_NAME = "$(TARGET_NAME)";
				STRING_CATALOG_GENERATE_SYMBOLS = NO;
				SWIFT_APPROACHABLE_CONCURRENCY = YES;
				SWIFT_EMIT_LOC_STRINGS = NO;
				SWIFT_UPCOMING_FEATURE_MEMBER_IMPORT_VISIBILITY = YES;
				SWIFT_VERSION = 5.0;
				TARGETED_DEVICE_FAMILY = "1,2";
				TEST_HOST = "$(BUILT_PRODUCTS_DIR)/Sotto.app/$(BUNDLE_EXECUTABLE_FOLDER_PATH)/Sotto";
			};
			name = Release;
		};
		0012ADC12F5461EC009D79B6 /* Debug */ = {
			isa = XCBuildConfiguration;
			buildSettings = {
				CODE_SIGN_STYLE = Automatic;
				CURRENT_PROJECT_VERSION = 1;
				DEVELOPMENT_TEAM = K7B93KQHJT;
				GENERATE_INFOPLIST_FILE = YES;
				MARKETING_VERSION = 1.0;
				PRODUCT_BUNDLE_IDENTIFIER = com.reedshea.SottoUITests;
				PRODUCT_NAME = "$(TARGET_NAME)";
				STRING_CATALOG_GENERATE_SYMBOLS = NO;
				SWIFT_APPROACHABLE_CONCURRENCY = YES;
				SWIFT_EMIT_LOC_STRINGS = NO;
				SWIFT_UPCOMING_FEATURE_MEMBER_IMPORT_VISIBILITY = YES;
				SWIFT_VERSION = 5.0;
				TARGETED_DEVICE_FAMILY = "1,2";
				TEST_TARGET_NAME = Sotto;
			};
			name = Debug;
		};
		0012ADC22F5461EC009D79B6 /* Release */ = {
			isa = XCBuildConfiguration;
			buildSettings = {
				CODE_SIGN_STYLE = Automatic;
				CURRENT_PROJECT_VERSION = 1;
				DEVELOPMENT_TEAM = K7B93KQHJT;
				GENERATE_INFOPLIST_FILE = YES;
				MARKETING_VERSION = 1.0;
				PRODUCT_BUNDLE_IDENTIFIER = com.reedshea.SottoUITests;
				PRODUCT_NAME = "$(TARGET_NAME)";
				STRING_CATALOG_GENERATE_SYMBOLS = NO;
				SWIFT_APPROACHABLE_CONCURRENCY = YES;
				SWIFT_EMIT_LOC_STRINGS = NO;
				SWIFT_UPCOMING_FEATURE_MEMBER_IMPORT_VISIBILITY = YES;
				SWIFT_VERSION = 5.0;
				TARGETED_DEVICE_FAMILY = "1,2";
				TEST_TARGET_NAME = Sotto;
			};
			name = Release;
		};
/* End XCBuildConfiguration section */

/* Begin XCConfigurationList section */
		0012AD922F5461EB009D79B6 /* Build configuration list for PBXProject "Sotto" */ = {
			isa = XCConfigurationList;
			buildConfigurations = (
				0012ADB82F5461EC009D79B6 /* Debug */,
				0012ADB92F5461EC009D79B6 /* Release */,
			);
			defaultConfigurationIsVisible = 0;
			defaultConfigurationName = Release;
		};
		0012ADBA2F5461EC009D79B6 /* Build configuration list for PBXNativeTarget "Sotto" */ = {
			isa = XCConfigurationList;
			buildConfigurations = (
				0012ADBB2F5461EC009D79B6 /* Debug */,
				0012ADBC2F5461EC009D79B6 /* Release */,
			);
			defaultConfigurationIsVisible = 0;
			defaultConfigurationName = Release;
		};
		0012ADBD2F5461EC009D79B6 /* Build configuration list for PBXNativeTarget "SottoTests" */ = {
			isa = XCConfigurationList;
			buildConfigurations = (
				0012ADBE2F5461EC009D79B6 /* Debug */,
				0012ADBF2F5461EC009D79B6 /* Release */,
			);
			defaultConfigurationIsVisible = 0;
			defaultConfigurationName = Release;
		};
		0012ADC02F5461EC009D79B6 /* Build configuration list for PBXNativeTarget "SottoUITests" */ = {
			isa = XCConfigurationList;
			buildConfigurations = (
				0012ADC12F5461EC009D79B6 /* Debug */,
				0012ADC22F5461EC009D79B6 /* Release */,
			);
			defaultConfigurationIsVisible = 0;
			defaultConfigurationName = Release;
		};
/* End XCConfigurationList section */
	};
	rootObject = 0012AD8F2F5461EB009D79B6 /* Project object */;
}
